// !$*UTF8*$!
{
	archiveVersion = 1;
	classes = {
	};
	objectVersion = 56;
	objects = {

/* Begin PBXBuildFile section */
		DD83F9862B53CC5B002BF918 /* SnacksAppIlApp.swift in Sources */ = {isa = PBXBuildFile; fileRef = DD83F9852B53CC5B002BF918 /* SnacksAppIlApp.swift */; };
		DD83F9882B53CC5B002BF918 /* ContentView.swift in Sources */ = {isa = PBXBuildFile; fileRef = DD83F9872B53CC5B002BF918 /* ContentView.swift */; };
		DD83F98A2B53CC5C002BF918 /* Assets.xcassets in Resources */ = {isa = PBXBuildFile; fileRef = DD83F9892B53CC5C002BF918 /* Assets.xcassets */; };
		DD83F98D2B53CC5C002BF918 /* Preview Assets.xcassets in Resources */ = {isa = PBXBuildFile; fileRef = DD83F98C2B53CC5C002BF918 /* Preview Assets.xcassets */; };
		DD83F9952B53CC7D002BF918 /* Home.swift in Sources */ = {isa = PBXBuildFile; fileRef = DD83F9942B53CC7D002BF918 /* Home.swift */; };
		DD83F9982B53CE10002BF918 /* CategoryModel.swift in Sources */ = {isa = PBXBuildFile; fileRef = DD83F9972B53CE10002BF918 /* CategoryModel.swift */; };
		DD83F99A2B53D3F0002BF918 /* ProductModel.swift in Sources */ = {isa = PBXBuildFile; fileRef = DD83F9992B53D3F0002BF918 /* ProductModel.swift */; };
		DD83F99C2B53D56E002BF918 /* ProductCardView.swift in Sources */ = {isa = PBXBuildFile; fileRef = DD83F99B2B53D56E002BF918 /* ProductCardView.swift */; };
		DDF6A7392B552CFB003E7075 /* CollectionView.swift in Sources */ = {isa = PBXBuildFile; fileRef = DDF6A7382B552CFB003E7075 /* CollectionView.swift */; };
		DDF6A73B2B552EC6003E7075 /* CardView.swift in Sources */ = {isa = PBXBuildFile; fileRef = DDF6A73A2B552EC6003E7075 /* CardView.swift */; };
		DDF6A73D2B552FDD003E7075 /* SmallProductCardView.swift in Sources */ = {isa = PBXBuildFile; fileRef = DDF6A73C2B552FDD003E7075 /* SmallProductCardView.swift */; };
		DDF6A7402B553970003E7075 /* CartViewModel.swift in Sources */ = {isa = PBXBuildFile; fileRef = DDF6A73F2B553970003E7075 /* CartViewModel.swift */; };
/* End PBXBuildFile section */

/* Begin PBXFileReference section */
		DD83F9822B53CC5B002BF918 /* SnacksAppIl.app */ = {isa = PBXFileReference; explicitFileType = wrapper.application; includeInIndex = 0; path = SnacksAppIl.app; sourceTree = BUILT_PRODUCTS_DIR; };
		DD83F9852B53CC5B002BF918 /* SnacksAppIlApp.swift */ = {isa = PBXFileReference; lastKnownFileType = sourcecode.swift; path = SnacksAppIlApp.swift; sourceTree = "<group>"; };
		DD83F9872B53CC5B002BF918 /* ContentView.swift */ = {isa = PBXFileReference; lastKnownFileType = sourcecode.swift; path = ContentView.swift; sourceTree = "<group>"; };
		DD83F9892B53CC5C002BF918 /* Assets.xcassets */ = {isa = PBXFileReference; lastKnownFileType = folder.assetcatalog; path = Assets.xcassets; sourceTree = "<group>"; };
		DD83F98C2B53CC5C002BF918 /* Preview Assets.xcassets */ = {isa = PBXFileReference; lastKnownFileType = folder.assetcatalog; path = "Preview Assets.xcassets"; sourceTree = "<group>"; };
		DD83F9942B53CC7D002BF918 /* Home.swift */ = {isa = PBXFileReference; lastKnownFileType = sourcecode.swift; path = Home.swift; sourceTree = "<group>"; };
		DD83F9972B53CE10002BF918 /* CategoryModel.swift */ = {isa = PBXFileReference; lastKnownFileType = sourcecode.swift; path = CategoryModel.swift; sourceTree = "<group>"; };
		DD83F9992B53D3F0002BF918 /* ProductModel.swift */ = {isa = PBXFileReference; lastKnownFileType = sourcecode.swift; path = ProductModel.swift; sourceTree = "<group>"; };
		DD83F99B2B53D56E002BF918 /* ProductCardView.swift */ = {isa = PBXFileReference; lastKnownFileType = sourcecode.swift; path = ProductCardView.swift; sourceTree = "<group>"; };
		DDF6A7382B552CFB003E7075 /* CollectionView.swift */ = {isa = PBXFileReference; lastKnownFileType = sourcecode.swift; path = CollectionView.swift; sourceTree = "<group>"; };
		DDF6A73A2B552EC6003E7075 /* CardView.swift */ = {isa = PBXFileReference; lastKnownFileType = sourcecode.swift; path = CardView.swift; sourceTree = "<group>"; };
		DDF6A73C2B552FDD003E7075 /* SmallProductCardView.swift */ = {isa = PBXFileReference; lastKnownFileType = sourcecode.swift; path = SmallProductCardView.swift; sourceTree = "<group>"; };
		DDF6A73F2B553970003E7075 /* CartViewModel.swift */ = {isa = PBXFileReference; lastKnownFileType = sourcecode.swift; path = CartViewModel.swift; sourceTree = "<group>"; };
/* End PBXFileReference section */

/* Begin PBXFrameworksBuildPhase section */
		DD83F97F2B53CC5B002BF918 /* Frameworks */ = {
			isa = PBXFrameworksBuildPhase;
			buildActionMask = 2147483647;
			files = (
			);
			runOnlyForDeploymentPostprocessing = 0;
		};
/* End PBXFrameworksBuildPhase section */

/* Begin PBXGroup section */
		DD83F9792B53CC5B002BF918 = {
			isa = PBXGroup;
			children = (
				DD83F9842B53CC5B002BF918 /* SnacksAppIl */,
				DD83F9832B53CC5B002BF918 /* Products */,
			);
			sourceTree = "<group>";
		};
		DD83F9832B53CC5B002BF918 /* Products */ = {
			isa = PBXGroup;
			children = (
				DD83F9822B53CC5B002BF918 /* SnacksAppIl.app */,
			);
			name = Products;
			sourceTree = "<group>";
		};
		DD83F9842B53CC5B002BF918 /* SnacksAppIl */ = {
			isa = PBXGroup;
			children = (
				DDF6A7412B553BD1003E7075 /* ViewModel */,
				DD83F9962B53CE05002BF918 /* Model */,
				DD83F9932B53CC73002BF918 /* View */,
				DD83F9852B53CC5B002BF918 /* SnacksAppIlApp.swift */,
				DD83F9872B53CC5B002BF918 /* ContentView.swift */,
				DD83F9892B53CC5C002BF918 /* Assets.xcassets */,
				DD83F98B2B53CC5C002BF918 /* Preview Content */,
			);
			path = SnacksAppIl;
			sourceTree = "<group>";
		};
		DD83F98B2B53CC5C002BF918 /* Preview Content */ = {
			isa = PBXGroup;
			children = (
				DD83F98C2B53CC5C002BF918 /* Preview Assets.xcassets */,
			);
			path = "Preview Content";
			sourceTree = "<group>";
		};
		DD83F9932B53CC73002BF918 /* View */ = {
			isa = PBXGroup;
			children = (
				DD83F9942B53CC7D002BF918 /* Home.swift */,
				DD83F99B2B53D56E002BF918 /* ProductCardView.swift */,
				DDF6A7382B552CFB003E7075 /* CollectionView.swift */,
				DDF6A73A2B552EC6003E7075 /* CardView.swift */,
				DDF6A73C2B552FDD003E7075 /* SmallProductCardView.swift */,
			);
			path = View;
			sourceTree = "<group>";
		};
		DD83F9962B53CE05002BF918 /* Model */ = {
			isa = PBXGroup;
			children = (
				DD83F9972B53CE10002BF918 /* CategoryModel.swift */,
				DD83F9992B53D3F0002BF918 /* ProductModel.swift */,
			);
			path = Model;
			sourceTree = "<group>";
		};
		DDF6A7412B553BD1003E7075 /* ViewModel */ = {
			isa = PBXGroup;
			children = (
				DDF6A73F2B553970003E7075 /* CartViewModel.swift */,
			);
			path = ViewModel;
			sourceTree = "<group>";
		};
/* End PBXGroup section */

/* Begin PBXNativeTarget section */
		DD83F9812B53CC5B002BF918 /* SnacksAppIl */ = {
			isa = PBXNativeTarget;
			buildConfigurationList = DD83F9902B53CC5C002BF918 /* Build configuration list for PBXNativeTarget "SnacksAppIl" */;
			buildPhases = (
				DD83F97E2B53CC5B002BF918 /* Sources */,
				DD83F97F2B53CC5B002BF918 /* Frameworks */,
				DD83F9802B53CC5B002BF918 /* Resources */,
			);
			buildRules = (
			);
			dependencies = (
			);
			name = SnacksAppIl;
			productName = SnacksAppIl;
			productReference = DD83F9822B53CC5B002BF918 /* SnacksAppIl.app */;
			productType = "com.apple.product-type.application";
		};
/* End PBXNativeTarget section */

/* Begin PBXProject section */
		DD83F97A2B53CC5B002BF918 /* Project object */ = {
			isa = PBXProject;
			attributes = {
				BuildIndependentTargetsInParallel = 1;
				LastSwiftUpdateCheck = 1510;
				LastUpgradeCheck = 1510;
				TargetAttributes = {
					DD83F9812B53CC5B002BF918 = {
						CreatedOnToolsVersion = 15.1;
					};
				};
			};
			buildConfigurationList = DD83F97D2B53CC5B002BF918 /* Build configuration list for PBXProject "SnacksAppIl" */;
			compatibilityVersion = "Xcode 14.0";
			developmentRegion = en;
			hasScannedForEncodings = 0;
			knownRegions = (
				en,
				Base,
			);
			mainGroup = DD83F9792B53CC5B002BF918;
			productRefGroup = DD83F9832B53CC5B002BF918 /* Products */;
			projectDirPath = "";
			projectRoot = "";
			targets = (
				DD83F9812B53CC5B002BF918 /* SnacksAppIl */,
			);
		};
/* End PBXProject section */

/* Begin PBXResourcesBuildPhase section */
		DD83F9802B53CC5B002BF918 /* Resources */ = {
			isa = PBXResourcesBuildPhase;
			buildActionMask = 2147483647;
			files = (
				DD83F98D2B53CC5C002BF918 /* Preview Assets.xcassets in Resources */,
				DD83F98A2B53CC5C002BF918 /* Assets.xcassets in Resources */,
			);
			runOnlyForDeploymentPostprocessing = 0;
		};
/* End PBXResourcesBuildPhase section */

/* Begin PBXSourcesBuildPhase section */
		DD83F97E2B53CC5B002BF918 /* Sources */ = {
			isa = PBXSourcesBuildPhase;
			buildActionMask = 2147483647;
			files = (
				DD83F99C2B53D56E002BF918 /* ProductCardView.swift in Sources */,
				DD83F9882B53CC5B002BF918 /* ContentView.swift in Sources */,
				DDF6A7392B552CFB003E7075 /* CollectionView.swift in Sources */,
				DD83F9982B53CE10002BF918 /* CategoryModel.swift in Sources */,
				DD83F9952B53CC7D002BF918 /* Home.swift in Sources */,
				DDF6A7402B553970003E7075 /* CartViewModel.swift in Sources */,
				DD83F9862B53CC5B002BF918 /* SnacksAppIlApp.swift in Sources */,
				DDF6A73D2B552FDD003E7075 /* SmallProductCardView.swift in Sources */,
				DDF6A73B2B552EC6003E7075 /* CardView.swift in Sources */,
				DD83F99A2B53D3F0002BF918 /* ProductModel.swift in Sources */,
			);
			runOnlyForDeploymentPostprocessing = 0;
		};
/* End PBXSourcesBuildPhase section */

/* Begin XCBuildConfiguration section */
		DD83F98E2B53CC5C002BF918 /* Debug */ = {
			isa = XCBuildConfiguration;
			buildSettings = {
				ALWAYS_SEARCH_USER_PATHS = NO;
				ASSETCATALOG_COMPILER_GENERATE_SWIFT_ASSET_SYMBOL_EXTENSIONS = YES;
				CLANG_ANALYZER_NONNULL = YES;
				CLANG_ANALYZER_NUMBER_OBJECT_CONVERSION = YES_AGGRESSIVE;
				CLANG_CXX_LANGUAGE_STANDARD = "gnu++20";
				CLANG_ENABLE_MODULES = YES;
				CLANG_ENABLE_OBJC_ARC = YES;
				CLANG_ENABLE_OBJC_WEAK = YES;
				CLANG_WARN_BLOCK_CAPTURE_AUTORELEASING = YES;
				CLANG_WARN_BOOL_CONVERSION = YES;
				CLANG_WARN_COMMA = YES;
				CLANG_WARN_CONSTANT_CONVERSION = YES;
				CLANG_WARN_DEPRECATED_OBJC_IMPLEMENTATIONS = YES;
				CLANG_WARN_DIRECT_OBJC_ISA_USAGE = YES_ERROR;
				CLANG_WARN_DOCUMENTATION_COMMENTS = YES;
				CLANG_WARN_EMPTY_BODY = YES;
				CLANG_WARN_ENUM_CONVERSION = YES;
				CLANG_WARN_INFINITE_RECURSION = YES;
				CLANG_WARN_INT_CONVERSION = YES;
				CLANG_WARN_NON_LITERAL_NULL_CONVERSION = YES;
				CLANG_WARN_OBJC_IMPLICIT_RETAIN_SELF = YES;
				CLANG_WARN_OBJC_LITERAL_CONVERSION = YES;
				CLANG_WARN_OBJC_ROOT_CLASS = YES_ERROR;
				CLANG_WARN_QUOTED_INCLUDE_IN_FRAMEWORK_HEADER = YES;
				CLANG_WARN_RANGE_LOOP_ANALYSIS = YES;
				CLANG_WARN_STRICT_PROTOTYPES = YES;
				CLANG_WARN_SUSPICIOUS_MOVE = YES;
				CLANG_WARN_UNGUARDED_AVAILABILITY = YES_AGGRESSIVE;
				CLANG_WARN_UNREACHABLE_CODE = YES;
				CLANG_WARN__DUPLICATE_METHOD_MATCH = YES;
				COPY_PHASE_STRIP = NO;
				DEBUG_INFORMATION_FORMAT = dwarf;
				ENABLE_STRICT_OBJC_MSGSEND = YES;
				ENABLE_TESTABILITY = YES;
				ENABLE_USER_SCRIPT_SANDBOXING = YES;
				GCC_C_LANGUAGE_STANDARD = gnu17;
				GCC_DYNAMIC_NO_PIC = NO;
				GCC_NO_COMMON_BLOCKS = YES;
				GCC_OPTIMIZATION_LEVEL = 0;
				GCC_PREPROCESSOR_DEFINITIONS = (
					"DEBUG=1",
					"$(inherited)",
				);
				GCC_WARN_64_TO_32_BIT_CONVERSION = YES;
				GCC_WARN_ABOUT_RETURN_TYPE = YES_ERROR;
				GCC_WARN_UNDECLARED_SELECTOR = YES;
				GCC_WARN_UNINITIALIZED_AUTOS = YES_AGGRESSIVE;
				GCC_WARN_UNUSED_FUNCTION = YES;
				GCC_WARN_UNUSED_VARIABLE = YES;
				IPHONEOS_DEPLOYMENT_TARGET = 14.5;
				LOCALIZATION_PREFERS_STRING_CATALOGS = YES;
				MTL_ENABLE_DEBUG_INFO = INCLUDE_SOURCE;
				MTL_FAST_MATH = YES;
				ONLY_ACTIVE_ARCH = YES;
				SDKROOT = iphoneos;
				SWIFT_ACTIVE_COMPILATION_CONDITIONS = "DEBUG $(inherited)";
				SWIFT_OPTIMIZATION_LEVEL = "-Onone";
			};
			name = Debug;
		};
		DD83F98F2B53CC5C002BF918 /* Release */ = {
			isa = XCBuildConfiguration;
			buildSettings = {
				ALWAYS_SEARCH_USER_PATHS = NO;
				ASSETCATALOG_COMPILER_GENERATE_SWIFT_ASSET_SYMBOL_EXTENSIONS = YES;
				CLANG_ANALYZER_NONNULL = YES;
				CLANG_ANALYZER_NUMBER_OBJECT_CONVERSION = YES_AGGRESSIVE;
				CLANG_CXX_LANGUAGE_STANDARD = "gnu++20";
				CLANG_ENABLE_MODULES = YES;
				CLANG_ENABLE_OBJC_ARC = YES;
				CLANG_ENABLE_OBJC_WEAK = YES;
				CLANG_WARN_BLOCK_CAPTURE_AUTORELEASING = YES;
				CLANG_WARN_BOOL_CONVERSION = YES;
				CLANG_WARN_COMMA = YES;
				CLANG_WARN_CONSTANT_CONVERSION = YES;
				CLANG_WARN_DEPRECATED_OBJC_IMPLEMENTATIONS = YES;
				CLANG_WARN_DIRECT_OBJC_ISA_USAGE = YES_ERROR;
				CLANG_WARN_DOCUMENTATION_COMMENTS = YES;
				CLANG_WARN_EMPTY_BODY = YES;
				CLANG_WARN_ENUM_CONVERSION = YES;
				CLANG_WARN_INFINITE_RECURSION = YES;
				CLANG_WARN_INT_CONVERSION = YES;
				CLANG_WARN_NON_LITERAL_NULL_CONVERSION = YES;
				CLANG_WARN_OBJC_IMPLICIT_RETAIN_SELF = YES;
				CLANG_WARN_OBJC_LITERAL_CONVERSION = YES;
				CLANG_WARN_OBJC_ROOT_CLASS = YES_ERROR;
				CLANG_WARN_QUOTED_INCLUDE_IN_FRAMEWORK_HEADER = YES;
				CLANG_WARN_RANGE_LOOP_ANALYSIS = YES;
				CLANG_WARN_STRICT_PROTOTYPES = YES;
				CLANG_WARN_SUSPICIOUS_MOVE = YES;
				CLANG_WARN_UNGUARDED_AVAILABILITY = YES_AGGRESSIVE;
				CLANG_WARN_UNREACHABLE_CODE = YES;
				CLANG_WARN__DUPLICATE_METHOD_MATCH = YES;
				COPY_PHASE_STRIP = NO;
				DEBUG_INFORMATION_FORMAT = "dwarf-with-dsym";
				ENABLE_NS_ASSERTIONS = NO;
				ENABLE_STRICT_OBJC_MSGSEND = YES;
				ENABLE_USER_SCRIPT_SANDBOXING = YES;
				GCC_C_LANGUAGE_STANDARD = gnu17;
				GCC_NO_COMMON_BLOCKS = YES;
				GCC_WARN_64_TO_32_BIT_CONVERSION = YES;
				GCC_WARN_ABOUT_RETURN_TYPE = YES_ERROR;
				GCC_WARN_UNDECLARED_SELECTOR = YES;
				GCC_WARN_UNINITIALIZED_AUTOS = YES_AGGRESSIVE;
				GCC_WARN_UNUSED_FUNCTION = YES;
				GCC_WARN_UNUSED_VARIABLE = YES;
				IPHONEOS_DEPLOYMENT_TARGET = 14.5;
				LOCALIZATION_PREFERS_STRING_CATALOGS = YES;
				MTL_ENABLE_DEBUG_INFO = NO;
				MTL_FAST_MATH = YES;
				SDKROOT = iphoneos;
				SWIFT_COMPILATION_MODE = wholemodule;
				VALIDATE_PRODUCT = YES;
			};
			name = Release;
		};
		DD83F9912B53CC5C002BF918 /* Debug */ = {
			isa = XCBuildConfiguration;
			buildSettings = {
				ASSETCATALOG_COMPILER_APPICON_NAME = AppIcon;
				ASSETCATALOG_COMPILER_GLOBAL_ACCENT_COLOR_NAME = AccentColor;
				CODE_SIGN_STYLE = Automatic;
				CURRENT_PROJECT_VERSION = 1;
				DEVELOPMENT_ASSET_PATHS = "\"SnacksAppIl/Preview Content\"";
				DEVELOPMENT_TEAM = 8YD26RK344;
				ENABLE_PREVIEWS = YES;
				GENERATE_INFOPLIST_FILE = YES;
				INFOPLIST_KEY_UIApplicationSceneManifest_Generation = YES;
				INFOPLIST_KEY_UIApplicationSupportsIndirectInputEvents = YES;
				INFOPLIST_KEY_UILaunchScreen_Generation = YES;
				INFOPLIST_KEY_UISupportedInterfaceOrientations_iPad = "UIInterfaceOrientationPortrait UIInterfaceOrientationPortraitUpsideDown UIInterfaceOrientationLandscapeLeft UIInterfaceOrientationLandscapeRight";
				INFOPLIST_KEY_UISupportedInterfaceOrientations_iPhone = "UIInterfaceOrientationPortrait UIInterfaceOrientationLandscapeLeft UIInterfaceOrientationLandscapeRight";
				IPHONEOS_DEPLOYMENT_TARGET = 14.5;
				LD_RUNPATH_SEARCH_PATHS = (
					"$(inherited)",
					"@executable_path/Frameworks",
				);
				MARKETING_VERSION = 1.0;
				PRODUCT_BUNDLE_IDENTIFIER = com.SnacksAppIl;
				PRODUCT_NAME = "$(TARGET_NAME)";
				SWIFT_EMIT_LOC_STRINGS = YES;
				SWIFT_VERSION = 5.0;
				TARGETED_DEVICE_FAMILY = "1,2";
			};
			name = Debug;
		};
		DD83F9922B53CC5C002BF918 /* Release */ = {
			isa = XCBuildConfiguration;
			buildSettings = {
				ASSETCATALOG_COMPILER_APPICON_NAME = AppIcon;
				ASSETCATALOG_COMPILER_GLOBAL_ACCENT_COLOR_NAME = AccentColor;
				CODE_SIGN_STYLE = Automatic;
				CURRENT_PROJECT_VERSION = 1;
				DEVELOPMENT_ASSET_PATHS = "\"SnacksAppIl/Preview Content\"";
				DEVELOPMENT_TEAM = 8YD26RK344;
				ENABLE_PREVIEWS = YES;
				GENERATE_INFOPLIST_FILE = YES;
				INFOPLIST_KEY_UIApplicationSceneManifest_Generation = YES;
				INFOPLIST_KEY_UIApplicationSupportsIndirectInputEvents = YES;
				INFOPLIST_KEY_UILaunchScreen_Generation = YES;
				INFOPLIST_KEY_UISupportedInterfaceOrientations_iPad = "UIInterfaceOrientationPortrait UIInterfaceOrientationPortraitUpsideDown UIInterfaceOrientationLandscapeLeft UIInterfaceOrientationLandscapeRight";
				INFOPLIST_KEY_UISupportedInterfaceOrientations_iPhone = "UIInterfaceOrientationPortrait UIInterfaceOrientationLandscapeLeft UIInterfaceOrientationLandscapeRight";
				IPHONEOS_DEPLOYMENT_TARGET = 14.5;
				LD_RUNPATH_SEARCH_PATHS = (
					"$(inherited)",
					"@executable_path/Frameworks",
				);
				MARKETING_VERSION = 1.0;
				PRODUCT_BUNDLE_IDENTIFIER = com.SnacksAppIl;
				PRODUCT_NAME = "$(TARGET_NAME)";
				SWIFT_EMIT_LOC_STRINGS = YES;
				SWIFT_VERSION = 5.0;
				TARGETED_DEVICE_FAMILY = "1,2";
			};
			name = Release;
		};
/* End XCBuildConfiguration section */

/* Begin XCConfigurationList section */
		DD83F97D2B53CC5B002BF918 /* Build configuration list for PBXProject "SnacksAppIl" */ = {
			isa = XCConfigurationList;
			buildConfigurations = (
				DD83F98E2B53CC5C002BF918 /* Debug */,
				DD83F98F2B53CC5C002BF918 /* Release */,
			);
			defaultConfigurationIsVisible = 0;
			defaultConfigurationName = Release;
		};
		DD83F9902B53CC5C002BF918 /* Build configuration list for PBXNativeTarget "SnacksAppIl" */ = {
			isa = XCConfigurationList;
			buildConfigurations = (
				DD83F9912B53CC5C002BF918 /* Debug */,
				DD83F9922B53CC5C002BF918 /* Release */,
			);
			defaultConfigurationIsVisible = 0;
			defaultConfigurationName = Release;
		};
/* End XCConfigurationList section */
	};
	rootObject = DD83F97A2B53CC5B002BF918 /* Project object */;
}
